
Microsoft Visual Studio Solution File, Format Version 12.00
# Visual Studio 14
VisualStudioVersion = 14.0.25420.1
MinimumVisualStudioVersion = 10.0.40219.1
Project("{FAE04EC0-301F-11D3-BF4B-00C04F79EFBC}") = "FlexiCapture.Cloud.EmailAgent", "FlexiCapture.Cloud.EmailAgent\FlexiCapture.Cloud.EmailAgent\FlexiCapture.Cloud.EmailAgent.csproj", "{920A26EB-FA4E-4AC4-9279-2E067110D2E2}"
EndProject
Project("{FAE04EC0-301F-11D3-BF4B-00C04F79EFBC}") = "FlexiCapture.Cloud.EmailAgentTester", "FlexiCapture.Cloud.EmailAgentTester\FlexiCapture.Cloud.EmailAgentTester.csproj", "{DE4E8D03-402B-489C-B51B-C8B47F9750E1}"
EndProject
Project("{FAE04EC0-301F-11D3-BF4B-00C04F79EFBC}") = "FlexiCapture.Cloud.Portal.Api", "FlexiCapture.Cloud.Portal.Api\FlexiCapture.Cloud.Portal.Api.csproj", "{EE1DC1A0-4C7F-4811-8A56-1C4A172E1D8B}"
EndProject
Project("{FAE04EC0-301F-11D3-BF4B-00C04F79EFBC}") = "FlexiCapture.Cloud.Portal.Web", "FlexiCapture.Cloud.Portal.Web\FlexiCapture.Cloud.Portal.Web.csproj", "{53620421-B711-4150-B4D8-5262A24AF50B}"
EndProject
Project("{FAE04EC0-301F-11D3-BF4B-00C04F79EFBC}") = "FlexiCapture.Cloud.OCR.Assist", "FlexiCapture.Cloud.OCR.Assist\FlexiCapture.Cloud.OCR.Assist.csproj", "{5CDF763B-EE3E-4D85-A30B-1D37019AA39D}"
EndProject
Project("{FAE04EC0-301F-11D3-BF4B-00C04F79EFBC}") = "FlexiCapture.Cloud.OCR.AssistTester", "FlexiCapture.Cloud.OCR.AssistTester\FlexiCapture.Cloud.OCR.AssistTester.csproj", "{1A96663E-683A-44CA-928A-53657E2B0C2E}"
EndProject
Project("{FAE04EC0-301F-11D3-BF4B-00C04F79EFBC}") = "FlexiCapture.Cloud.SingleFileConversionService", "FlexiCapture.Cloud.SingleFileConversionService\FlexiCapture.Cloud.SingleFileConversionService.csproj", "{65ED42C5-C70C-4B8C-8861-83588414A37C}"
EndProject
Project("{FAE04EC0-301F-11D3-BF4B-00C04F79EFBC}") = "FlexiCapture.Cloud.ServiceAssist", "FlexiCapture.Cloud.ServiceAssist\FlexiCapture.Cloud.ServiceAssist.csproj", "{C1E88B07-11E1-4421-8577-818DD384B5EA}"
EndProject
Project("{FAE04EC0-301F-11D3-BF4B-00C04F79EFBC}") = "FlexiCapture.Cloud.BatchFileConversionService", "FlexiCapture.Cloud.BatchFileConversionService\FlexiCapture.Cloud.BatchFileConversionService.csproj", "{A7EC8897-BDB9-4124-A75C-4CC06BDF505B}"
EndProject
Project("{FAE04EC0-301F-11D3-BF4B-00C04F79EFBC}") = "FlexiCapture.Cloud.FTPService", "FlexiCapture.Cloud.FTPService\FlexiCapture.Cloud.FTPService.csproj", "{06AFAF7D-876D-453A-97E1-F192901438E0}"
EndProject
Project("{FAE04EC0-301F-11D3-BF4B-00C04F79EFBC}") = "FlexiCapture.Cloud.EmailAttachmentService", "FlexiCapture.Cloud.EmailAttachmentService\FlexiCapture.Cloud.EmailAttachmentService.csproj", "{AC511FE6-8131-4A84-B02A-616FF2DD68AD}"
EndProject
Project("{FAE04EC0-301F-11D3-BF4B-00C04F79EFBC}") = "FlexiCapture.Cloud.ZipService", "FlexiCapture.Cloud.ZipService\FlexiCapture.Cloud.ZipService.csproj", "{C46BB438-24AD-4BA2-858D-72022959CBC3}"
EndProject
Global
	GlobalSection(SolutionConfigurationPlatforms) = preSolution
		Debug|Any CPU = Debug|Any CPU
		Release|Any CPU = Release|Any CPU
	EndGlobalSection
	GlobalSection(ProjectConfigurationPlatforms) = postSolution
		{920A26EB-FA4E-4AC4-9279-2E067110D2E2}.Debug|Any CPU.ActiveCfg = Debug|Any CPU
		{920A26EB-FA4E-4AC4-9279-2E067110D2E2}.Debug|Any CPU.Build.0 = Debug|Any CPU
		{920A26EB-FA4E-4AC4-9279-2E067110D2E2}.Release|Any CPU.ActiveCfg = Release|Any CPU
		{920A26EB-FA4E-4AC4-9279-2E067110D2E2}.Release|Any CPU.Build.0 = Release|Any CPU
		{DE4E8D03-402B-489C-B51B-C8B47F9750E1}.Debug|Any CPU.ActiveCfg = Debug|Any CPU
		{DE4E8D03-402B-489C-B51B-C8B47F9750E1}.Debug|Any CPU.Build.0 = Debug|Any CPU
		{DE4E8D03-402B-489C-B51B-C8B47F9750E1}.Release|Any CPU.ActiveCfg = Release|Any CPU
		{DE4E8D03-402B-489C-B51B-C8B47F9750E1}.Release|Any CPU.Build.0 = Release|Any CPU
		{EE1DC1A0-4C7F-4811-8A56-1C4A172E1D8B}.Debug|Any CPU.ActiveCfg = Debug|Any CPU
		{EE1DC1A0-4C7F-4811-8A56-1C4A172E1D8B}.Debug|Any CPU.Build.0 = Debug|Any CPU
		{EE1DC1A0-4C7F-4811-8A56-1C4A172E1D8B}.Release|Any CPU.ActiveCfg = Release|Any CPU
		{EE1DC1A0-4C7F-4811-8A56-1C4A172E1D8B}.Release|Any CPU.Build.0 = Release|Any CPU
		{53620421-B711-4150-B4D8-5262A24AF50B}.Debug|Any CPU.ActiveCfg = Debug|Any CPU
		{53620421-B711-4150-B4D8-5262A24AF50B}.Debug|Any CPU.Build.0 = Debug|Any CPU
		{53620421-B711-4150-B4D8-5262A24AF50B}.Release|Any CPU.ActiveCfg = Release|Any CPU
		{53620421-B711-4150-B4D8-5262A24AF50B}.Release|Any CPU.Build.0 = Release|Any CPU
		{5CDF763B-EE3E-4D85-A30B-1D37019AA39D}.Debug|Any CPU.ActiveCfg = Debug|Any CPU
		{5CDF763B-EE3E-4D85-A30B-1D37019AA39D}.Debug|Any CPU.Build.0 = Debug|Any CPU
		{5CDF763B-EE3E-4D85-A30B-1D37019AA39D}.Release|Any CPU.ActiveCfg = Release|Any CPU
		{5CDF763B-EE3E-4D85-A30B-1D37019AA39D}.Release|Any CPU.Build.0 = Release|Any CPU
		{1A96663E-683A-44CA-928A-53657E2B0C2E}.Debug|Any CPU.ActiveCfg = Debug|Any CPU
		{1A96663E-683A-44CA-928A-53657E2B0C2E}.Debug|Any CPU.Build.0 = Debug|Any CPU
		{1A96663E-683A-44CA-928A-53657E2B0C2E}.Release|Any CPU.ActiveCfg = Release|Any CPU
		{1A96663E-683A-44CA-928A-53657E2B0C2E}.Release|Any CPU.Build.0 = Release|Any CPU
		{65ED42C5-C70C-4B8C-8861-83588414A37C}.Debug|Any CPU.ActiveCfg = Debug|Any CPU
		{65ED42C5-C70C-4B8C-8861-83588414A37C}.Debug|Any CPU.Build.0 = Debug|Any CPU
		{65ED42C5-C70C-4B8C-8861-83588414A37C}.Release|Any CPU.ActiveCfg = Release|Any CPU
		{65ED42C5-C70C-4B8C-8861-83588414A37C}.Release|Any CPU.Build.0 = Release|Any CPU
		{C1E88B07-11E1-4421-8577-818DD384B5EA}.Debug|Any CPU.ActiveCfg = Debug|Any CPU
		{C1E88B07-11E1-4421-8577-818DD384B5EA}.Debug|Any CPU.Build.0 = Debug|Any CPU
		{C1E88B07-11E1-4421-8577-818DD384B5EA}.Release|Any CPU.ActiveCfg = Release|Any CPU
		{C1E88B07-11E1-4421-8577-818DD384B5EA}.Release|Any CPU.Build.0 = Release|Any CPU
		{A7EC8897-BDB9-4124-A75C-4CC06BDF505B}.Debug|Any CPU.ActiveCfg = Debug|Any CPU
		{A7EC8897-BDB9-4124-A75C-4CC06BDF505B}.Debug|Any CPU.Build.0 = Debug|Any CPU
		{A7EC8897-BDB9-4124-A75C-4CC06BDF505B}.Release|Any CPU.ActiveCfg = Release|Any CPU
		{A7EC8897-BDB9-4124-A75C-4CC06BDF505B}.Release|Any CPU.Build.0 = Release|Any CPU
		{06AFAF7D-876D-453A-97E1-F192901438E0}.Debug|Any CPU.ActiveCfg = Debug|Any CPU
		{06AFAF7D-876D-453A-97E1-F192901438E0}.Debug|Any CPU.Build.0 = Debug|Any CPU
		{06AFAF7D-876D-453A-97E1-F192901438E0}.Release|Any CPU.ActiveCfg = Release|Any CPU
		{06AFAF7D-876D-453A-97E1-F192901438E0}.Release|Any CPU.Build.0 = Release|Any CPU
		{AC511FE6-8131-4A84-B02A-616FF2DD68AD}.Debug|Any CPU.ActiveCfg = Debug|Any CPU
		{AC511FE6-8131-4A84-B02A-616FF2DD68AD}.Debug|Any CPU.Build.0 = Debug|Any CPU
		{AC511FE6-8131-4A84-B02A-616FF2DD68AD}.Release|Any CPU.ActiveCfg = Release|Any CPU
		{AC511FE6-8131-4A84-B02A-616FF2DD68AD}.Release|Any CPU.Build.0 = Release|Any CPU
		{C46BB438-24AD-4BA2-858D-72022959CBC3}.Debug|Any CPU.ActiveCfg = Debug|Any CPU
		{C46BB438-24AD-4BA2-858D-72022959CBC3}.Debug|Any CPU.Build.0 = Debug|Any CPU
		{C46BB438-24AD-4BA2-858D-72022959CBC3}.Release|Any CPU.ActiveCfg = Release|Any CPU
		{C46BB438-24AD-4BA2-858D-72022959CBC3}.Release|Any CPU.Build.0 = Release|Any CPU
	EndGlobalSection
	GlobalSection(SolutionProperties) = preSolution
		HideSolutionNode = FALSE
	EndGlobalSection
EndGlobal
